
Microsoft Visual Studio Solution File, Format Version 12.00
# Visual Studio Version 18
VisualStudioVersion = 18.9.12120.119
MinimumVisualStudioVersion = 10.0.40219.1
Project("{8BC9CEB8-8B4A-11D0-8D11-00A0C91BC942}") = "libBioAcoustics", "libBioAcoustics\libBioAcoustics.vcxproj", "{6CB409BD-1D5C-4114-8963-F92DE90B3693}"
EndProject
Project("{FAE04EC0-301F-11D3-BF4B-00C04F79EFBC}") = "libParser", "libParser\libParser.csproj", "{A88C030D-0034-45AB-BD9A-CF91C88B5031}"
EndProject
Project("{FAE04EC0-301F-11D3-BF4B-00C04F79EFBC}") = "libScripter", "libScripter\libScripter.csproj", "{63BB4BE7-AC98-4A12-A8C5-92ACDF9F65DB}"
EndProject
Project("{FAE04EC0-301F-11D3-BF4B-00C04F79EFBC}") = "BatInspector", "BatInspector\BatInspector.csproj", "{910774FC-E305-47A7-B6E4-C0E3B53180DD}"
EndProject
Global
	GlobalSection(SolutionConfigurationPlatforms) = preSolution
		Debug|Any CPU = Debug|Any CPU
		Debug|x64 = Debug|x64
		Debug|x86 = Debug|x86
		Release|Any CPU = Release|Any CPU
		Release|x64 = Release|x64
		Release|x86 = Release|x86
	EndGlobalSection
	GlobalSection(ProjectConfigurationPlatforms) = postSolution
		{6CB409BD-1D5C-4114-8963-F92DE90B3693}.Debug|Any CPU.ActiveCfg = Debug|x64
		{6CB409BD-1D5C-4114-8963-F92DE90B3693}.Debug|Any CPU.Build.0 = Debug|x64
		{6CB409BD-1D5C-4114-8963-F92DE90B3693}.Debug|x64.ActiveCfg = Debug|x64
		{6CB409BD-1D5C-4114-8963-F92DE90B3693}.Debug|x64.Build.0 = Debug|x64
		{6CB409BD-1D5C-4114-8963-F92DE90B3693}.Debug|x86.ActiveCfg = Debug|Win32
		{6CB409BD-1D5C-4114-8963-F92DE90B3693}.Debug|x86.Build.0 = Debug|Win32
		{6CB409BD-1D5C-4114-8963-F92DE90B3693}.Release|Any CPU.ActiveCfg = Release|x64
		{6CB409BD-1D5C-4114-8963-F92DE90B3693}.Release|Any CPU.Build.0 = Release|x64
		{6CB409BD-1D5C-4114-8963-F92DE90B3693}.Release|x64.ActiveCfg = Release|x64
		{6CB409BD-1D5C-4114-8963-F92DE90B3693}.Release|x64.Build.0 = Release|x64
		{6CB409BD-1D5C-4114-8963-F92DE90B3693}.Release|x86.ActiveCfg = Release|Win32
		{6CB409BD-1D5C-4114-8963-F92DE90B3693}.Release|x86.Build.0 = Release|Win32
		{A88C030D-0034-45AB-BD9A-CF91C88B5031}.Debug|Any CPU.ActiveCfg = Debug|Any CPU
		{A88C030D-0034-45AB-BD9A-CF91C88B5031}.Debug|Any CPU.Build.0 = Debug|Any CPU
		{A88C030D-0034-45AB-BD9A-CF91C88B5031}.Debug|x64.ActiveCfg = Debug|x64
		{A88C030D-0034-45AB-BD9A-CF91C88B5031}.Debug|x64.Build.0 = Debug|x64
		{A88C030D-0034-45AB-BD9A-CF91C88B5031}.Debug|x86.ActiveCfg = Debug|Any CPU
		{A88C030D-0034-45AB-BD9A-CF91C88B5031}.Debug|x86.Build.0 = Debug|Any CPU
		{A88C030D-0034-45AB-BD9A-CF91C88B5031}.Release|Any CPU.ActiveCfg = Release|Any CPU
		{A88C030D-0034-45AB-BD9A-CF91C88B5031}.Release|Any CPU.Build.0 = Release|Any CPU
		{A88C030D-0034-45AB-BD9A-CF91C88B5031}.Release|x64.ActiveCfg = Release|x64
		{A88C030D-0034-45AB-BD9A-CF91C88B5031}.Release|x64.Build.0 = Release|x64
		{A88C030D-0034-45AB-BD9A-CF91C88B5031}.Release|x86.ActiveCfg = Release|Any CPU
		{A88C030D-0034-45AB-BD9A-CF91C88B5031}.Release|x86.Build.0 = Release|Any CPU
		{63BB4BE7-AC98-4A12-A8C5-92ACDF9F65DB}.Debug|Any CPU.ActiveCfg = Debug|Any CPU
		{63BB4BE7-AC98-4A12-A8C5-92ACDF9F65DB}.Debug|Any CPU.Build.0 = Debug|Any CPU
		{63BB4BE7-AC98-4A12-A8C5-92ACDF9F65DB}.Debug|x64.ActiveCfg = Debug|x64
		{63BB4BE7-AC98-4A12-A8C5-92ACDF9F65DB}.Debug|x64.Build.0 = Debug|x64
		{63BB4BE7-AC98-4A12-A8C5-92ACDF9F65DB}.Debug|x86.ActiveCfg = Debug|Any CPU
		{63BB4BE7-AC98-4A12-A8C5-92ACDF9F65DB}.Debug|x86.Build.0 = Debug|Any CPU
		{63BB4BE7-AC98-4A12-A8C5-92ACDF9F65DB}.Release|Any CPU.ActiveCfg = Release|Any CPU
		{63BB4BE7-AC98-4A12-A8C5-92ACDF9F65DB}.Release|Any CPU.Build.0 = Release|Any CPU
		{63BB4BE7-AC98-4A12-A8C5-92ACDF9F65DB}.Release|x64.ActiveCfg = Release|x64
		{63BB4BE7-AC98-4A12-A8C5-92ACDF9F65DB}.Release|x64.Build.0 = Release|x64
		{63BB4BE7-AC98-4A12-A8C5-92ACDF9F65DB}.Release|x86.ActiveCfg = Release|Any CPU
		{63BB4BE7-AC98-4A12-A8C5-92ACDF9F65DB}.Release|x86.Build.0 = Release|Any CPU
		{910774FC-E305-47A7-B6E4-C0E3B53180DD}.Debug|Any CPU.ActiveCfg = Debug|x64
		{910774FC-E305-47A7-B6E4-C0E3B53180DD}.Debug|Any CPU.Build.0 = Debug|x64
		{910774FC-E305-47A7-B6E4-C0E3B53180DD}.Debug|x64.ActiveCfg = Debug|x64
		{910774FC-E305-47A7-B6E4-C0E3B53180DD}.Debug|x64.Build.0 = Debug|x64
		{910774FC-E305-47A7-B6E4-C0E3B53180DD}.Debug|x86.ActiveCfg = Debug|Any CPU
		{910774FC-E305-47A7-B6E4-C0E3B53180DD}.Debug|x86.Build.0 = Debug|Any CPU
		{910774FC-E305-47A7-B6E4-C0E3B53180DD}.Release|Any CPU.ActiveCfg = Release|Any CPU
		{910774FC-E305-47A7-B6E4-C0E3B53180DD}.Release|Any CPU.Build.0 = Release|Any CPU
		{910774FC-E305-47A7-B6E4-C0E3B53180DD}.Release|x64.ActiveCfg = Release|x64
		{910774FC-E305-47A7-B6E4-C0E3B53180DD}.Release|x64.Build.0 = Release|x64
		{910774FC-E305-47A7-B6E4-C0E3B53180DD}.Release|x86.ActiveCfg = Release|Any CPU
		{910774FC-E305-47A7-B6E4-C0E3B53180DD}.Release|x86.Build.0 = Release|Any CPU
	EndGlobalSection
	GlobalSection(SolutionProperties) = preSolution
		HideSolutionNode = FALSE
	EndGlobalSection
	GlobalSection(ExtensibilityGlobals) = postSolution
		SolutionGuid = {2F668E43-A3C4-4052-A61B-91D41D58796D}
	EndGlobalSection
EndGlobal
