
Microsoft Visual Studio Solution File, Format Version 12.00
# Visual Studio Version 17
VisualStudioVersion = 17.2.32526.322
MinimumVisualStudioVersion = 10.0.40219.1
Project("{FAE04EC0-301F-11D3-BF4B-00C04F79EFBC}") = "BatInspector", "BatInspector\BatInspector.csproj", "{D50438F3-3143-42B1-A568-BF3198B4579D}"
EndProject
Project("{FAE04EC0-301F-11D3-BF4B-00C04F79EFBC}") = "libParser", "libParser\libParser\libParser.csproj", "{25D172AA-10D8-401E-A50B-8B7BECDE4D3B}"
EndProject
Project("{54435603-DBB4-11D2-8724-00A0C9A8B90C}") = "Setup", "Setup\Setup.vdproj", "{0CAD794F-C39B-4ED7-A91F-0BA643ADC8F9}"
EndProject
Project("{FAE04EC0-301F-11D3-BF4B-00C04F79EFBC}") = "libScripter", "libScripter\libScripter.csproj", "{D3341F96-D18D-44AF-9A16-1AEA7296E1D4}"
EndProject
Project("{888888A0-9F3D-457C-B088-3A5042F75D52}") = "batclassify", "py\batclassify.pyproj", "{A73DB092-9948-4C46-A2E0-99365055DC91}"
EndProject
Global
	GlobalSection(SolutionConfigurationPlatforms) = preSolution
		Debug|Any CPU = Debug|Any CPU
		Debug|x64 = Debug|x64
		Release|Any CPU = Release|Any CPU
		Release|x64 = Release|x64
	EndGlobalSection
	GlobalSection(ProjectConfigurationPlatforms) = postSolution
		{D50438F3-3143-42B1-A568-BF3198B4579D}.Debug|Any CPU.ActiveCfg = Debug|Any CPU
		{D50438F3-3143-42B1-A568-BF3198B4579D}.Debug|Any CPU.Build.0 = Debug|Any CPU
		{D50438F3-3143-42B1-A568-BF3198B4579D}.Debug|x64.ActiveCfg = Debug|Any CPU
		{D50438F3-3143-42B1-A568-BF3198B4579D}.Debug|x64.Build.0 = Debug|Any CPU
		{D50438F3-3143-42B1-A568-BF3198B4579D}.Release|Any CPU.ActiveCfg = Release|Any CPU
		{D50438F3-3143-42B1-A568-BF3198B4579D}.Release|Any CPU.Build.0 = Release|Any CPU
		{D50438F3-3143-42B1-A568-BF3198B4579D}.Release|x64.ActiveCfg = Release|Any CPU
		{D50438F3-3143-42B1-A568-BF3198B4579D}.Release|x64.Build.0 = Release|Any CPU
		{25D172AA-10D8-401E-A50B-8B7BECDE4D3B}.Debug|Any CPU.ActiveCfg = Debug|Any CPU
		{25D172AA-10D8-401E-A50B-8B7BECDE4D3B}.Debug|Any CPU.Build.0 = Debug|Any CPU
		{25D172AA-10D8-401E-A50B-8B7BECDE4D3B}.Debug|x64.ActiveCfg = Debug|x64
		{25D172AA-10D8-401E-A50B-8B7BECDE4D3B}.Debug|x64.Build.0 = Debug|x64
		{25D172AA-10D8-401E-A50B-8B7BECDE4D3B}.Release|Any CPU.ActiveCfg = Release|Any CPU
		{25D172AA-10D8-401E-A50B-8B7BECDE4D3B}.Release|Any CPU.Build.0 = Release|Any CPU
		{25D172AA-10D8-401E-A50B-8B7BECDE4D3B}.Release|x64.ActiveCfg = Release|x64
		{25D172AA-10D8-401E-A50B-8B7BECDE4D3B}.Release|x64.Build.0 = Release|x64
		{0CAD794F-C39B-4ED7-A91F-0BA643ADC8F9}.Debug|Any CPU.ActiveCfg = Debug
		{0CAD794F-C39B-4ED7-A91F-0BA643ADC8F9}.Debug|x64.ActiveCfg = Debug
		{0CAD794F-C39B-4ED7-A91F-0BA643ADC8F9}.Release|Any CPU.ActiveCfg = Release
		{0CAD794F-C39B-4ED7-A91F-0BA643ADC8F9}.Release|x64.ActiveCfg = Release
		{D3341F96-D18D-44AF-9A16-1AEA7296E1D4}.Debug|Any CPU.ActiveCfg = Debug|Any CPU
		{D3341F96-D18D-44AF-9A16-1AEA7296E1D4}.Debug|Any CPU.Build.0 = Debug|Any CPU
		{D3341F96-D18D-44AF-9A16-1AEA7296E1D4}.Debug|x64.ActiveCfg = Debug|Any CPU
		{D3341F96-D18D-44AF-9A16-1AEA7296E1D4}.Debug|x64.Build.0 = Debug|Any CPU
		{D3341F96-D18D-44AF-9A16-1AEA7296E1D4}.Release|Any CPU.ActiveCfg = Release|Any CPU
		{D3341F96-D18D-44AF-9A16-1AEA7296E1D4}.Release|Any CPU.Build.0 = Release|Any CPU
		{D3341F96-D18D-44AF-9A16-1AEA7296E1D4}.Release|x64.ActiveCfg = Release|Any CPU
		{D3341F96-D18D-44AF-9A16-1AEA7296E1D4}.Release|x64.Build.0 = Release|Any CPU
		{A73DB092-9948-4C46-A2E0-99365055DC91}.Debug|Any CPU.ActiveCfg = Debug|Any CPU
		{A73DB092-9948-4C46-A2E0-99365055DC91}.Debug|x64.ActiveCfg = Debug|Any CPU
		{A73DB092-9948-4C46-A2E0-99365055DC91}.Release|Any CPU.ActiveCfg = Release|Any CPU
		{A73DB092-9948-4C46-A2E0-99365055DC91}.Release|x64.ActiveCfg = Release|Any CPU
	EndGlobalSection
	GlobalSection(SolutionProperties) = preSolution
		HideSolutionNode = FALSE
	EndGlobalSection
	GlobalSection(ExtensibilityGlobals) = postSolution
		SolutionGuid = {2F668E43-A3C4-4052-A61B-91D41D58796D}
	EndGlobalSection
EndGlobal
