<?xml version="1.0" encoding="utf-8"?>
<Project ToolsVersion="4.0" xmlns="http://schemas.microsoft.com/developer/msbuild/2003">
  <ItemGroup>
    <Filter Include="Source Files">
      <UniqueIdentifier>{4FC737F1-C7A5-4376-A066-2A32D752A2FF}</UniqueIdentifier>
      <Extensions>cpp;c;cc;cxx;c++;cppm;ixx;def;odl;idl;hpj;bat;asm;asmx</Extensions>
    </Filter>
    <Filter Include="Header Files">
      <UniqueIdentifier>{93995380-89BD-4b04-88EB-625FBE52EBFB}</UniqueIdentifier>
      <Extensions>h;hh;hpp;hxx;h++;hm;inl;inc;ipp;xsd</Extensions>
    </Filter>
    <Filter Include="Resource Files">
      <UniqueIdentifier>{67DA6AB6-F800-4c08-8B7A-83BB121AAD01}</UniqueIdentifier>
      <Extensions>rc;ico;cur;bmp;dlg;rc2;rct;bin;rgs;gif;jpg;jpeg;jpe;resx;tiff;tif;png;wav;mfcribbon-ms</Extensions>
    </Filter>
  </ItemGroup>
  <ItemGroup>
    <ClCompile Include="dllmain.cpp">
      <Filter>Source Files</Filter>
    </ClCompile>
    <ClCompile Include="bat_bioacoustics.cpp">
      <Filter>Source Files</Filter>
    </ClCompile>
    <ClCompile Include="bb_analyse.cpp">
      <Filter>Source Files</Filter>
    </ClCompile>
    <ClCompile Include="bb_detect.cpp">
      <Filter>Source Files</Filter>
    </ClCompile>
    <ClCompile Include="bb_extract.cpp">
      <Filter>Source Files</Filter>
    </ClCompile>
    <ClCompile Include="fft.cpp">
      <Filter>Source Files</Filter>
    </ClCompile>
    <ClCompile Include="Chunk.cpp">
      <Filter>Source Files</Filter>
    </ClCompile>
    <ClCompile Include="Image.cpp">
      <Filter>Source Files</Filter>
    </ClCompile>
    <ClCompile Include="Pixel.cpp">
      <Filter>Source Files</Filter>
    </ClCompile>
    <ClCompile Include="cSonogram.cpp">
      <Filter>Source Files</Filter>
    </ClCompile>
  </ItemGroup>
  <ItemGroup>
    <ClInclude Include="bb_analyse.h">
      <Filter>Header Files</Filter>
    </ClInclude>
    <ClInclude Include="bb_audio_event.h">
      <Filter>Header Files</Filter>
    </ClInclude>
    <ClInclude Include="bb_detect.h">
      <Filter>Header Files</Filter>
    </ClInclude>
    <ClInclude Include="bb_extract.h">
      <Filter>Header Files</Filter>
    </ClInclude>
    <ClInclude Include="bb_kalman.h">
      <Filter>Header Files</Filter>
    </ClInclude>
    <ClInclude Include="bb_tools.h">
      <Filter>Header Files</Filter>
    </ClInclude>
    <ClInclude Include="fft.h">
      <Filter>Header Files</Filter>
    </ClInclude>
    <ClInclude Include="fftw3.h">
      <Filter>Header Files</Filter>
    </ClInclude>
    <ClInclude Include="linear_model.h">
      <Filter>Header Files</Filter>
    </ClInclude>
    <ClInclude Include="Rcpp.h">
      <Filter>Header Files</Filter>
    </ClInclude>
    <ClInclude Include="tools.h">
      <Filter>Header Files</Filter>
    </ClInclude>
    <ClInclude Include="dllmain.h">
      <Filter>Header Files</Filter>
    </ClInclude>
    <ClInclude Include="bat_bioacoustics.h">
      <Filter>Header Files</Filter>
    </ClInclude>
    <ClInclude Include="Chunk.h">
      <Filter>Header Files</Filter>
    </ClInclude>
    <ClInclude Include="Image.h">
      <Filter>Header Files</Filter>
    </ClInclude>
    <ClInclude Include="Pixel.h">
      <Filter>Header Files</Filter>
    </ClInclude>
    <ClInclude Include="cSonogram.h">
      <Filter>Header Files</Filter>
    </ClInclude>
  </ItemGroup>
</Project>